
Microsoft Visual Studio Solution File, Format Version 12.00
# Visual Studio Version 17
VisualStudioVersion = 17.7.34009.444
MinimumVisualStudioVersion = 10.0.40219.1
Project("{9A19103F-16F7-4668-BE54-9A1E7A4F7556}") = "CRUD Operations", "CRUD Operations.csproj", "{B2E01A30-076F-433A-A0A4-EEA24F9278A0}"
EndProject
Global
	GlobalSection(SolutionConfigurationPlatforms) = preSolution
		Debug|Any CPU = Debug|Any CPU
		Release|Any CPU = Release|Any CPU
	EndGlobalSection
	GlobalSection(ProjectConfigurationPlatforms) = postSolution
		{B2E01A30-076F-433A-A0A4-EEA24F9278A0}.Debug|Any CPU.ActiveCfg = Debug|Any CPU
		{B2E01A30-076F-433A-A0A4-EEA24F9278A0}.Debug|Any CPU.Build.0 = Debug|Any CPU
		{B2E01A30-076F-433A-A0A4-EEA24F9278A0}.Release|Any CPU.ActiveCfg = Release|Any CPU
		{B2E01A30-076F-433A-A0A4-EEA24F9278A0}.Release|Any CPU.Build.0 = Release|Any CPU
	EndGlobalSection
	GlobalSection(SolutionProperties) = preSolution
		HideSolutionNode = FALSE
	EndGlobalSection
	GlobalSection(ExtensibilityGlobals) = postSolution
		SolutionGuid = {FD679D1F-C848-4881-A0C7-B613E45F6704}
	EndGlobalSection
EndGlobal
